
Microsoft Visual Studio Solution File, Format Version 12.00
# Visual Studio Version 17
VisualStudioVersion = 17.5.002.0
MinimumVisualStudioVersion = 10.0.40219.1
Project("{9A19103F-16F7-4668-BE54-9A1E7A4F7556}") = "Day2", "Day2.csproj", "{EBEA7DDE-055A-4834-B018-2F5E328C3A89}"
EndProject
Global
	GlobalSection(SolutionConfigurationPlatforms) = preSolution
		Debug|Any CPU = Debug|Any CPU
		Release|Any CPU = Release|Any CPU
	EndGlobalSection
	GlobalSection(ProjectConfigurationPlatforms) = postSolution
		{EBEA7DDE-055A-4834-B018-2F5E328C3A89}.Debug|Any CPU.ActiveCfg = Debug|Any CPU
		{EBEA7DDE-055A-4834-B018-2F5E328C3A89}.Debug|Any CPU.Build.0 = Debug|Any CPU
		{EBEA7DDE-055A-4834-B018-2F5E328C3A89}.Release|Any CPU.ActiveCfg = Release|Any CPU
		{EBEA7DDE-055A-4834-B018-2F5E328C3A89}.Release|Any CPU.Build.0 = Release|Any CPU
	EndGlobalSection
	GlobalSection(SolutionProperties) = preSolution
		HideSolutionNode = FALSE
	EndGlobalSection
	GlobalSection(ExtensibilityGlobals) = postSolution
		SolutionGuid = {21BD2CEF-1E36-4E1A-8DF7-861A79B646AD}
	EndGlobalSection
EndGlobal
